
Microsoft Visual Studio Solution File, Format Version 12.00
Project("{FAE04EC0-301F-11D3-BF4B-00C04F79EFBC}") = "Algorithms", "Algorithms\Algorithms.csproj", "{A4564A2F-77E8-416D-99CA-8C84BBC74B6E}"
EndProject
Project("{FAE04EC0-301F-11D3-BF4B-00C04F79EFBC}") = "Algorithms.UnitTest", "Algorithms.UnitTest\Algorithms.UnitTest.csproj", "{1696E0AF-2445-4378-AC26-0953AA3983E8}"
EndProject
Global
	GlobalSection(SolutionConfigurationPlatforms) = preSolution
		Debug|Any CPU = Debug|Any CPU
		Release|Any CPU = Release|Any CPU
	EndGlobalSection
	GlobalSection(ProjectConfigurationPlatforms) = postSolution
		{A4564A2F-77E8-416D-99CA-8C84BBC74B6E}.Debug|Any CPU.ActiveCfg = Debug|Any CPU
		{A4564A2F-77E8-416D-99CA-8C84BBC74B6E}.Debug|Any CPU.Build.0 = Debug|Any CPU
		{A4564A2F-77E8-416D-99CA-8C84BBC74B6E}.Release|Any CPU.ActiveCfg = Release|Any CPU
		{A4564A2F-77E8-416D-99CA-8C84BBC74B6E}.Release|Any CPU.Build.0 = Release|Any CPU
		{1696E0AF-2445-4378-AC26-0953AA3983E8}.Debug|Any CPU.ActiveCfg = Debug|Any CPU
		{1696E0AF-2445-4378-AC26-0953AA3983E8}.Debug|Any CPU.Build.0 = Debug|Any CPU
		{1696E0AF-2445-4378-AC26-0953AA3983E8}.Release|Any CPU.ActiveCfg = Release|Any CPU
		{1696E0AF-2445-4378-AC26-0953AA3983E8}.Release|Any CPU.Build.0 = Release|Any CPU
	EndGlobalSection
EndGlobal
